{
  "originHash" : "6097b628df0906709733d15f1be90a8be5aa4aba83bd2ab4c72ecac8b69c9c65",
  "pins" : [
    {
      "identity" : "aecaudiostream",
      "kind" : "remoteSourceControl",
      "location" : "https://github.com/lihaoyun6/AECAudioStream.git",
      "state" : {
        "branch" : "main",
        "revision" : "0eab971c1dd0420ee84646c71172dd66fa59117c"
      }
    },
    {
      "identity" : "keyboardshortcuts",
      "kind" : "remoteSourceControl",
      "location" : "https://github.com/sindresorhus/KeyboardShortcuts.git",
      "state" : {
        "revision" : "7ecc38bb6edf7d087d30e737057b8d8a9b7f51eb",
        "version" : "2.2.4"
      }
    },
    {
      "identity" : "sparkle",
      "kind" : "remoteSourceControl",
      "location" : "https://github.com/sparkle-project/Sparkle",
      "state" : {
        "revision" : "0a4caaf7a81eea2cece651ef4b17331fa0634dff",
        "version" : "2.6.0"
      }
    }
  ],
  "version" : 3
}
